{
  "name": "arcgis",
  "version": "1.0.0",
  "lockfileVersion": 1,
  "requires": true,
  "dependencies": {
    "@fancyapps/fancybox": {
      "version": "3.5.6",
      "resolved": "https://registry.npmjs.org/@fancyapps/fancybox/-/fancybox-3.5.6.tgz",
      "integrity": "sha512-Hp83AAWb0uNR7ekGQExGv0fMJEa/0t97Ab1aPk2hopWnKKpFI6acnIssJ2SD2YCBqv5Rb4W+lHDJTtJPRbcqhA=="
    },
    "@types/arcgis-js-api": {
      "version": "4.9.0",
      "resolved": "https://registry.npmjs.org/@types/arcgis-js-api/-/arcgis-js-api-4.9.0.tgz",
      "integrity": "sha512-UoqroutawVukJNE07XsPtb8gnghxZZUx0kHIbGzUKxxEe2mf1BfJQjuZ3RR9wnUzuD55XuPHEQiFxWGXgqo7rw=="
    },
    "@types/chai": {
      "version": "4.1.7",
      "resolved": "https://registry.npmjs.org/@types/chai/-/chai-4.1.7.tgz",
      "integrity": "sha512-2Y8uPt0/jwjhQ6EiluT0XCri1Dbplr0ZxfFXUz+ye13gaqE8u5gL5ppao1JrUYr9cIip5S6MvQzBS7Kke7U9VA==",
      "dev": true
    },
    "@types/jquery": {
      "version": "3.3.28",
      "resolved": "https://registry.npmjs.org/@types/jquery/-/jquery-3.3.28.tgz",
      "integrity": "sha512-6+0asQBU38H5kdoKvxVGE7fY8JREBgQsxONw0na0noV9D3JLN2+odBPKkTvRcLW20xSNiP8BH0nyl+8PcIHYNw==",
      "requires": {
        "@types/sizzle": "*"
      }
    },
    "@types/sizzle": {
      "version": "2.3.2",
      "resolved": "https://registry.npmjs.org/@types/sizzle/-/sizzle-2.3.2.tgz",
      "integrity": "sha512-7EJYyKTL7tFR8+gDbB6Wwz/arpGa0Mywk1TJbNzKzHtzbwVmY4HR9WqS5VV7dsBUKQmPNr192jHr/VpBluj/hg=="
    },
    "dojo-typings": {
      "version": "1.11.9",
      "resolved": "https://registry.npmjs.org/dojo-typings/-/dojo-typings-1.11.9.tgz",
      "integrity": "sha512-mh8w+Mau2Y1QfTEszEAdO7j6ycNhYxF/Ing6nAk1eUg6NxjeT0viVHjICMd9sU3U463vM2G+KfBBK5grk3/Mlw==",
      "dev": true,
      "requires": {
        "@types/chai": "^4.0.4"
      }
    },
    "jquery": {
      "version": "3.5.0",
      "resolved": "https://registry.npmjs.org/jquery/-/jquery-3.5.0.tgz",
      "integrity": "sha512-Xb7SVYMvygPxbFMpTFQiHh1J7HClEaThguL15N/Gg37Lri/qKyhRGZYzHRyLH8Stq3Aow0LsHO2O2ci86fCrNQ=="
    }
  }
}
