# THIS IS AN AUTOGENERATED FILE. DO NOT EDIT THIS FILE DIRECTLY.
# yarn lockfile v1


"@fancyapps/fancybox@^3.5.6":
  version "3.5.7"
  resolved "https://registry.yarnpkg.com/@fancyapps/fancybox/-/fancybox-3.5.7.tgz#12f8734663ec6eae7f9236b92ca236e6e07fdfd5"
  integrity sha512-rcEtu8t+WnmqIDV/Wfm1yvy/nDdwc7YV25j9HLxGC2/WOsUhk9rcWg2nB8g1BrjRt9zaoADdjHTU6ILYTJzBBg==

"@types/arcgis-js-api@^4.9.0":
  version "4.18.0"
  resolved "https://registry.yarnpkg.com/@types/arcgis-js-api/-/arcgis-js-api-4.18.0.tgz#098ab5aec2e452c13e15b1ba6a88b096bdad30d7"
  integrity sha512-cnC06M0QtE1m5fdhyCEPagi1FBHVIcLDGTy4GSUr4UfKvHHDRBGchcg/QkctOVVcGgv0WnUdfvV6fDxgC5P0vg==

"@types/chai@^4.0.4":
  version "4.2.15"
  resolved "https://registry.yarnpkg.com/@types/chai/-/chai-4.2.15.tgz#b7a6d263c2cecf44b6de9a051cf496249b154553"
  integrity sha512-rYff6FI+ZTKAPkJUoyz7Udq3GaoDZnxYDEvdEdFZASiA7PoErltHezDishqQiSDWrGxvxmplH304jyzQmjp0AQ==

"@types/jquery@^3.3.28":
  version "3.5.5"
  resolved "https://registry.yarnpkg.com/@types/jquery/-/jquery-3.5.5.tgz#2c63f47c9c8d96693d272f5453602afd8338c903"
  integrity sha512-6RXU9Xzpc6vxNrS6FPPapN1SxSHgQ336WC6Jj/N8q30OiaBZ00l1GBgeP7usjVZPivSkGUfL1z/WW6TX989M+w==
  dependencies:
    "@types/sizzle" "*"

"@types/sizzle@*":
  version "2.3.2"
  resolved "https://registry.yarnpkg.com/@types/sizzle/-/sizzle-2.3.2.tgz#a811b8c18e2babab7d542b3365887ae2e4d9de47"
  integrity sha512-7EJYyKTL7tFR8+gDbB6Wwz/arpGa0Mywk1TJbNzKzHtzbwVmY4HR9WqS5VV7dsBUKQmPNr192jHr/VpBluj/hg==

dojo-typings@^1.11.9:
  version "1.11.11"
  resolved "https://registry.yarnpkg.com/dojo-typings/-/dojo-typings-1.11.11.tgz#f227e021b46bf942084ad3b287f88428869ff3d3"
  integrity sha512-5pWx9QUnQYruPl4SnD1Y8STFBlqnw+Q6ku2Nl2UcULZyHPOPLGZaDLF+hMe7/3lL0OTtQ3VJfW3D+vN17yq6iQ==
  dependencies:
    "@types/chai" "^4.0.4"

jquery@^3.3.1:
  version "3.6.0"
  resolved "https://registry.yarnpkg.com/jquery/-/jquery-3.6.0.tgz#c72a09f15c1bdce142f49dbf1170bdf8adac2470"
  integrity sha512-JVzAR/AjBvVt2BmYhxRCSYysDsPcssdmTFnzyLEts9qNwmjmu4JTAMYubEfwVOSwpQ1I1sKKFcxhZCI2buerfw==
